
Microsoft Visual Studio Solution File, Format Version 12.00
# Visual Studio Version 17
VisualStudioVersion = 17.0.31903.59
MinimumVisualStudioVersion = 10.0.40219.1
Project("{FAE04EC0-301F-11D3-BF4B-00C04F79EFBC}") = "XYZ.Domain", "src\XYZ.Domain\XYZ.Domain.csproj", "{A43E0FC1-1C4F-488F-9877-17488A821CAA}"
EndProject
Project("{FAE04EC0-301F-11D3-BF4B-00C04F79EFBC}") = "XYZ.Application", "src\XYZ.Application\XYZ.Application.csproj", "{89D0FF59-080C-474F-8F31-BE260DD76990}"
EndProject
Project("{FAE04EC0-301F-11D3-BF4B-00C04F79EFBC}") = "XYZ.Infrastructure", "src\XYZ.Infrastructure\XYZ.Infrastructure.csproj", "{B14B8845-AB6A-4A8A-8CC7-21303C0958CD}"
EndProject
Project("{FAE04EC0-301F-11D3-BF4B-00C04F79EFBC}") = "XYZ.API", "src\XYZ.API\XYZ.API.csproj", "{E55E096E-ECAA-4AC0-950B-01AF651CF3BF}"
EndProject
Project("{FAE04EC0-301F-11D3-BF4B-00C04F79EFBC}") = "XYZ.Web", "src\XYZ.Web\XYZ.Web.csproj", "{7FEB723B-2FC5-49D4-805D-31FF51F436DC}"
EndProject
Project("{2150E333-8FDC-42A3-9474-1A3956D46DE8}") = "src", "src", "{827E0CD3-B72D-47B6-A68D-7590B98EB39B}"
EndProject
Project("{FAE04EC0-301F-11D3-BF4B-00C04F79EFBC}") = "XYZ.Domain.Tests", "tests\XYZ.Domain.Tests\XYZ.Domain.Tests.csproj", "{DC16558A-9CA7-4207-9636-69C187353B00}"
EndProject
Project("{FAE04EC0-301F-11D3-BF4B-00C04F79EFBC}") = "XYZ.Application.Tests", "tests\XYZ.Application.Tests\XYZ.Application.Tests.csproj", "{94492E68-CD02-4A4B-8EE0-29B6FFE8B7C6}"
EndProject
Project("{FAE04EC0-301F-11D3-BF4B-00C04F79EFBC}") = "XYZ.Infrastructure.Tests", "tests\XYZ.Infrastructure.Tests\XYZ.Infrastructure.Tests.csproj", "{345C6C19-5929-44AD-8BB6-F8F2787AAD9E}"
EndProject
Global
	GlobalSection(SolutionConfigurationPlatforms) = preSolution
		Debug|Any CPU = Debug|Any CPU
		Debug|x64 = Debug|x64
		Debug|x86 = Debug|x86
		Release|Any CPU = Release|Any CPU
		Release|x64 = Release|x64
		Release|x86 = Release|x86
	EndGlobalSection
	GlobalSection(ProjectConfigurationPlatforms) = postSolution
		{A43E0FC1-1C4F-488F-9877-17488A821CAA}.Debug|Any CPU.ActiveCfg = Debug|Any CPU
		{A43E0FC1-1C4F-488F-9877-17488A821CAA}.Debug|Any CPU.Build.0 = Debug|Any CPU
		{A43E0FC1-1C4F-488F-9877-17488A821CAA}.Debug|x64.ActiveCfg = Debug|Any CPU
		{A43E0FC1-1C4F-488F-9877-17488A821CAA}.Debug|x64.Build.0 = Debug|Any CPU
		{A43E0FC1-1C4F-488F-9877-17488A821CAA}.Debug|x86.ActiveCfg = Debug|Any CPU
		{A43E0FC1-1C4F-488F-9877-17488A821CAA}.Debug|x86.Build.0 = Debug|Any CPU
		{A43E0FC1-1C4F-488F-9877-17488A821CAA}.Release|Any CPU.ActiveCfg = Release|Any CPU
		{A43E0FC1-1C4F-488F-9877-17488A821CAA}.Release|Any CPU.Build.0 = Release|Any CPU
		{A43E0FC1-1C4F-488F-9877-17488A821CAA}.Release|x64.ActiveCfg = Release|Any CPU
		{A43E0FC1-1C4F-488F-9877-17488A821CAA}.Release|x64.Build.0 = Release|Any CPU
		{A43E0FC1-1C4F-488F-9877-17488A821CAA}.Release|x86.ActiveCfg = Release|Any CPU
		{A43E0FC1-1C4F-488F-9877-17488A821CAA}.Release|x86.Build.0 = Release|Any CPU
		{89D0FF59-080C-474F-8F31-BE260DD76990}.Debug|Any CPU.ActiveCfg = Debug|Any CPU
		{89D0FF59-080C-474F-8F31-BE260DD76990}.Debug|Any CPU.Build.0 = Debug|Any CPU
		{89D0FF59-080C-474F-8F31-BE260DD76990}.Debug|x64.ActiveCfg = Debug|Any CPU
		{89D0FF59-080C-474F-8F31-BE260DD76990}.Debug|x64.Build.0 = Debug|Any CPU
		{89D0FF59-080C-474F-8F31-BE260DD76990}.Debug|x86.ActiveCfg = Debug|Any CPU
		{89D0FF59-080C-474F-8F31-BE260DD76990}.Debug|x86.Build.0 = Debug|Any CPU
		{89D0FF59-080C-474F-8F31-BE260DD76990}.Release|Any CPU.ActiveCfg = Release|Any CPU
		{89D0FF59-080C-474F-8F31-BE260DD76990}.Release|Any CPU.Build.0 = Release|Any CPU
		{89D0FF59-080C-474F-8F31-BE260DD76990}.Release|x64.ActiveCfg = Release|Any CPU
		{89D0FF59-080C-474F-8F31-BE260DD76990}.Release|x64.Build.0 = Release|Any CPU
		{89D0FF59-080C-474F-8F31-BE260DD76990}.Release|x86.ActiveCfg = Release|Any CPU
		{89D0FF59-080C-474F-8F31-BE260DD76990}.Release|x86.Build.0 = Release|Any CPU
		{B14B8845-AB6A-4A8A-8CC7-21303C0958CD}.Debug|Any CPU.ActiveCfg = Debug|Any CPU
		{B14B8845-AB6A-4A8A-8CC7-21303C0958CD}.Debug|Any CPU.Build.0 = Debug|Any CPU
		{B14B8845-AB6A-4A8A-8CC7-21303C0958CD}.Debug|x64.ActiveCfg = Debug|Any CPU
		{B14B8845-AB6A-4A8A-8CC7-21303C0958CD}.Debug|x64.Build.0 = Debug|Any CPU
		{B14B8845-AB6A-4A8A-8CC7-21303C0958CD}.Debug|x86.ActiveCfg = Debug|Any CPU
		{B14B8845-AB6A-4A8A-8CC7-21303C0958CD}.Debug|x86.Build.0 = Debug|Any CPU
		{B14B8845-AB6A-4A8A-8CC7-21303C0958CD}.Release|Any CPU.ActiveCfg = Release|Any CPU
		{B14B8845-AB6A-4A8A-8CC7-21303C0958CD}.Release|Any CPU.Build.0 = Release|Any CPU
		{B14B8845-AB6A-4A8A-8CC7-21303C0958CD}.Release|x64.ActiveCfg = Release|Any CPU
		{B14B8845-AB6A-4A8A-8CC7-21303C0958CD}.Release|x64.Build.0 = Release|Any CPU
		{B14B8845-AB6A-4A8A-8CC7-21303C0958CD}.Release|x86.ActiveCfg = Release|Any CPU
		{B14B8845-AB6A-4A8A-8CC7-21303C0958CD}.Release|x86.Build.0 = Release|Any CPU
		{E55E096E-ECAA-4AC0-950B-01AF651CF3BF}.Debug|Any CPU.ActiveCfg = Debug|Any CPU
		{E55E096E-ECAA-4AC0-950B-01AF651CF3BF}.Debug|Any CPU.Build.0 = Debug|Any CPU
		{E55E096E-ECAA-4AC0-950B-01AF651CF3BF}.Debug|x64.ActiveCfg = Debug|Any CPU
		{E55E096E-ECAA-4AC0-950B-01AF651CF3BF}.Debug|x64.Build.0 = Debug|Any CPU
		{E55E096E-ECAA-4AC0-950B-01AF651CF3BF}.Debug|x86.ActiveCfg = Debug|Any CPU
		{E55E096E-ECAA-4AC0-950B-01AF651CF3BF}.Debug|x86.Build.0 = Debug|Any CPU
		{E55E096E-ECAA-4AC0-950B-01AF651CF3BF}.Release|Any CPU.ActiveCfg = Release|Any CPU
		{E55E096E-ECAA-4AC0-950B-01AF651CF3BF}.Release|Any CPU.Build.0 = Release|Any CPU
		{E55E096E-ECAA-4AC0-950B-01AF651CF3BF}.Release|x64.ActiveCfg = Release|Any CPU
		{E55E096E-ECAA-4AC0-950B-01AF651CF3BF}.Release|x64.Build.0 = Release|Any CPU
		{E55E096E-ECAA-4AC0-950B-01AF651CF3BF}.Release|x86.ActiveCfg = Release|Any CPU
		{E55E096E-ECAA-4AC0-950B-01AF651CF3BF}.Release|x86.Build.0 = Release|Any CPU
		{7FEB723B-2FC5-49D4-805D-31FF51F436DC}.Debug|Any CPU.ActiveCfg = Debug|Any CPU
		{7FEB723B-2FC5-49D4-805D-31FF51F436DC}.Debug|Any CPU.Build.0 = Debug|Any CPU
		{7FEB723B-2FC5-49D4-805D-31FF51F436DC}.Debug|x64.ActiveCfg = Debug|Any CPU
		{7FEB723B-2FC5-49D4-805D-31FF51F436DC}.Debug|x64.Build.0 = Debug|Any CPU
		{7FEB723B-2FC5-49D4-805D-31FF51F436DC}.Debug|x86.ActiveCfg = Debug|Any CPU
		{7FEB723B-2FC5-49D4-805D-31FF51F436DC}.Debug|x86.Build.0 = Debug|Any CPU
		{7FEB723B-2FC5-49D4-805D-31FF51F436DC}.Release|Any CPU.ActiveCfg = Release|Any CPU
		{7FEB723B-2FC5-49D4-805D-31FF51F436DC}.Release|Any CPU.Build.0 = Release|Any CPU
		{7FEB723B-2FC5-49D4-805D-31FF51F436DC}.Release|x64.ActiveCfg = Release|Any CPU
		{7FEB723B-2FC5-49D4-805D-31FF51F436DC}.Release|x64.Build.0 = Release|Any CPU
		{7FEB723B-2FC5-49D4-805D-31FF51F436DC}.Release|x86.ActiveCfg = Release|Any CPU
		{7FEB723B-2FC5-49D4-805D-31FF51F436DC}.Release|x86.Build.0 = Release|Any CPU
		{DC16558A-9CA7-4207-9636-69C187353B00}.Debug|Any CPU.ActiveCfg = Debug|Any CPU
		{DC16558A-9CA7-4207-9636-69C187353B00}.Debug|Any CPU.Build.0 = Debug|Any CPU
		{DC16558A-9CA7-4207-9636-69C187353B00}.Debug|x64.ActiveCfg = Debug|Any CPU
		{DC16558A-9CA7-4207-9636-69C187353B00}.Debug|x64.Build.0 = Debug|Any CPU
		{DC16558A-9CA7-4207-9636-69C187353B00}.Debug|x86.ActiveCfg = Debug|Any CPU
		{DC16558A-9CA7-4207-9636-69C187353B00}.Debug|x86.Build.0 = Debug|Any CPU
		{DC16558A-9CA7-4207-9636-69C187353B00}.Release|Any CPU.ActiveCfg = Release|Any CPU
		{DC16558A-9CA7-4207-9636-69C187353B00}.Release|Any CPU.Build.0 = Release|Any CPU
		{DC16558A-9CA7-4207-9636-69C187353B00}.Release|x64.ActiveCfg = Release|Any CPU
		{DC16558A-9CA7-4207-9636-69C187353B00}.Release|x64.Build.0 = Release|Any CPU
		{DC16558A-9CA7-4207-9636-69C187353B00}.Release|x86.ActiveCfg = Release|Any CPU
		{DC16558A-9CA7-4207-9636-69C187353B00}.Release|x86.Build.0 = Release|Any CPU
		{94492E68-CD02-4A4B-8EE0-29B6FFE8B7C6}.Debug|Any CPU.ActiveCfg = Debug|Any CPU
		{94492E68-CD02-4A4B-8EE0-29B6FFE8B7C6}.Debug|Any CPU.Build.0 = Debug|Any CPU
		{94492E68-CD02-4A4B-8EE0-29B6FFE8B7C6}.Debug|x64.ActiveCfg = Debug|Any CPU
		{94492E68-CD02-4A4B-8EE0-29B6FFE8B7C6}.Debug|x64.Build.0 = Debug|Any CPU
		{94492E68-CD02-4A4B-8EE0-29B6FFE8B7C6}.Debug|x86.ActiveCfg = Debug|Any CPU
		{94492E68-CD02-4A4B-8EE0-29B6FFE8B7C6}.Debug|x86.Build.0 = Debug|Any CPU
		{94492E68-CD02-4A4B-8EE0-29B6FFE8B7C6}.Release|Any CPU.ActiveCfg = Release|Any CPU
		{94492E68-CD02-4A4B-8EE0-29B6FFE8B7C6}.Release|Any CPU.Build.0 = Release|Any CPU
		{94492E68-CD02-4A4B-8EE0-29B6FFE8B7C6}.Release|x64.ActiveCfg = Release|Any CPU
		{94492E68-CD02-4A4B-8EE0-29B6FFE8B7C6}.Release|x64.Build.0 = Release|Any CPU
		{94492E68-CD02-4A4B-8EE0-29B6FFE8B7C6}.Release|x86.ActiveCfg = Release|Any CPU
		{94492E68-CD02-4A4B-8EE0-29B6FFE8B7C6}.Release|x86.Build.0 = Release|Any CPU
		{345C6C19-5929-44AD-8BB6-F8F2787AAD9E}.Debug|Any CPU.ActiveCfg = Debug|Any CPU
		{345C6C19-5929-44AD-8BB6-F8F2787AAD9E}.Debug|Any CPU.Build.0 = Debug|Any CPU
		{345C6C19-5929-44AD-8BB6-F8F2787AAD9E}.Debug|x64.ActiveCfg = Debug|Any CPU
		{345C6C19-5929-44AD-8BB6-F8F2787AAD9E}.Debug|x64.Build.0 = Debug|Any CPU
		{345C6C19-5929-44AD-8BB6-F8F2787AAD9E}.Debug|x86.ActiveCfg = Debug|Any CPU
		{345C6C19-5929-44AD-8BB6-F8F2787AAD9E}.Debug|x86.Build.0 = Debug|Any CPU
		{345C6C19-5929-44AD-8BB6-F8F2787AAD9E}.Release|Any CPU.ActiveCfg = Release|Any CPU
		{345C6C19-5929-44AD-8BB6-F8F2787AAD9E}.Release|Any CPU.Build.0 = Release|Any CPU
		{345C6C19-5929-44AD-8BB6-F8F2787AAD9E}.Release|x64.ActiveCfg = Release|Any CPU
		{345C6C19-5929-44AD-8BB6-F8F2787AAD9E}.Release|x64.Build.0 = Release|Any CPU
		{345C6C19-5929-44AD-8BB6-F8F2787AAD9E}.Release|x86.ActiveCfg = Release|Any CPU
		{345C6C19-5929-44AD-8BB6-F8F2787AAD9E}.Release|x86.Build.0 = Release|Any CPU
	EndGlobalSection
	GlobalSection(SolutionProperties) = preSolution
		HideSolutionNode = FALSE
	EndGlobalSection
	GlobalSection(NestedProjects) = preSolution
		{A43E0FC1-1C4F-488F-9877-17488A821CAA} = {827E0CD3-B72D-47B6-A68D-7590B98EB39B}
		{89D0FF59-080C-474F-8F31-BE260DD76990} = {827E0CD3-B72D-47B6-A68D-7590B98EB39B}
		{B14B8845-AB6A-4A8A-8CC7-21303C0958CD} = {827E0CD3-B72D-47B6-A68D-7590B98EB39B}
		{E55E096E-ECAA-4AC0-950B-01AF651CF3BF} = {827E0CD3-B72D-47B6-A68D-7590B98EB39B}
		{7FEB723B-2FC5-49D4-805D-31FF51F436DC} = {827E0CD3-B72D-47B6-A68D-7590B98EB39B}
	EndGlobalSection
	GlobalSection(ExtensibilityGlobals) = postSolution
		SolutionGuid = {B2BC9DFA-9040-4ECB-92CB-3010A9D07ACA}
	EndGlobalSection
EndGlobal
